<?xml version="1.0" encoding="utf-8"?>
<Project ToolsVersion="4.0" xmlns="http://schemas.microsoft.com/developer/msbuild/2003">
  <ItemGroup>
    <Filter Include="shared">
      <UniqueIdentifier>{451db2e8-12b0-4135-b1ca-76cde0ebe1c4}</UniqueIdentifier>
    </Filter>
    <Filter Include="shared\header">
      <UniqueIdentifier>{8040635c-fc44-4ff7-a4a1-fdd805d613af}</UniqueIdentifier>
    </Filter>
    <Filter Include="shared\source">
      <UniqueIdentifier>{1ee32117-8b3d-40b6-bd44-5fe97264ed88}</UniqueIdentifier>
    </Filter>
    <Filter Include="this project">
      <UniqueIdentifier>{dd21a06e-66ed-4854-a56e-aa3c8c98340a}</UniqueIdentifier>
    </Filter>
    <Filter Include="this project\header">
      <UniqueIdentifier>{e62ad0fa-7542-4fa8-8bba-58ed40a526dd}</UniqueIdentifier>
    </Filter>
    <Filter Include="this project\source">
      <UniqueIdentifier>{1d2a91ce-2bbe-4336-bc01-4d60adf676b2}</UniqueIdentifier>
    </Filter>
  </ItemGroup>
  <ItemGroup>
    <ClCompile Include="source\main.cpp">
      <Filter>this project\source</Filter>
    </ClCompile>
    <ClCompile Include="..\shared\source\player.cpp">
      <Filter>shared\source</Filter>
    </ClCompile>
    <ClCompile Include="..\shared\source\world.cpp">
      <Filter>shared\source</Filter>
    </ClCompile>
    <ClCompile Include="source\client.cpp">
      <Filter>this project\source</Filter>
    </ClCompile>
    <ClCompile Include="source\controls.cpp">
      <Filter>this project\source</Filter>
    </ClCompile>
    <ClCompile Include="..\shared\source\viewer.cpp">
      <Filter>shared\source</Filter>
    </ClCompile>
  </ItemGroup>
  <ItemGroup>
    <ClInclude Include="..\shared\header\network.h">
      <Filter>shared\header</Filter>
    </ClInclude>
    <ClInclude Include="..\shared\header\player.h">
      <Filter>shared\header</Filter>
    </ClInclude>
    <ClInclude Include="..\shared\header\scene.h">
      <Filter>shared\header</Filter>
    </ClInclude>
    <ClInclude Include="..\shared\header\viewer.h">
      <Filter>shared\header</Filter>
    </ClInclude>
    <ClInclude Include="..\shared\header\world.h">
      <Filter>shared\header</Filter>
    </ClInclude>
    <ClInclude Include="header\client.h">
      <Filter>this project\header</Filter>
    </ClInclude>
    <ClInclude Include="header\controls.h">
      <Filter>this project\header</Filter>
    </ClInclude>
  </ItemGroup>
</Project>