
Microsoft Visual Studio Solution File, Format Version 12.00
# Visual Studio Version 16
VisualStudioVersion = 16.0.31005.135
MinimumVisualStudioVersion = 10.0.40219.1
Project("{8BC9CEB8-8B4A-11D0-8D11-00A0C91BC942}") = "Server", "Server\Server.vcxproj", "{6010D488-B9B4-4556-B2DD-D8E67928DC00}"
EndProject
Project("{8BC9CEB8-8B4A-11D0-8D11-00A0C91BC942}") = "Client", "Client\Client.vcxproj", "{CFB52355-D814-4F98-9F9E-BBDC69C91664}"
EndProject
Global
	GlobalSection(SolutionConfigurationPlatforms) = preSolution
		Debug|x64 = Debug|x64
		Debug|x86 = Debug|x86
		Release|x64 = Release|x64
		Release|x86 = Release|x86
	EndGlobalSection
	GlobalSection(ProjectConfigurationPlatforms) = postSolution
		{6010D488-B9B4-4556-B2DD-D8E67928DC00}.Debug|x64.ActiveCfg = Debug|x64
		{6010D488-B9B4-4556-B2DD-D8E67928DC00}.Debug|x64.Build.0 = Debug|x64
		{6010D488-B9B4-4556-B2DD-D8E67928DC00}.Debug|x86.ActiveCfg = Debug|Win32
		{6010D488-B9B4-4556-B2DD-D8E67928DC00}.Debug|x86.Build.0 = Debug|Win32
		{6010D488-B9B4-4556-B2DD-D8E67928DC00}.Release|x64.ActiveCfg = Release|x64
		{6010D488-B9B4-4556-B2DD-D8E67928DC00}.Release|x64.Build.0 = Release|x64
		{6010D488-B9B4-4556-B2DD-D8E67928DC00}.Release|x86.ActiveCfg = Release|Win32
		{6010D488-B9B4-4556-B2DD-D8E67928DC00}.Release|x86.Build.0 = Release|Win32
		{CFB52355-D814-4F98-9F9E-BBDC69C91664}.Debug|x64.ActiveCfg = Debug|x64
		{CFB52355-D814-4F98-9F9E-BBDC69C91664}.Debug|x64.Build.0 = Debug|x64
		{CFB52355-D814-4F98-9F9E-BBDC69C91664}.Debug|x86.ActiveCfg = Debug|Win32
		{CFB52355-D814-4F98-9F9E-BBDC69C91664}.Debug|x86.Build.0 = Debug|Win32
		{CFB52355-D814-4F98-9F9E-BBDC69C91664}.Release|x64.ActiveCfg = Release|x64
		{CFB52355-D814-4F98-9F9E-BBDC69C91664}.Release|x64.Build.0 = Release|x64
		{CFB52355-D814-4F98-9F9E-BBDC69C91664}.Release|x86.ActiveCfg = Release|Win32
		{CFB52355-D814-4F98-9F9E-BBDC69C91664}.Release|x86.Build.0 = Release|Win32
	EndGlobalSection
	GlobalSection(SolutionProperties) = preSolution
		HideSolutionNode = FALSE
	EndGlobalSection
	GlobalSection(ExtensibilityGlobals) = postSolution
		SolutionGuid = {861B6679-82F5-4960-87B7-8293CF3D455B}
	EndGlobalSection
EndGlobal
